PODS:
  - Alamofire (4.7.2)
  - Realm (3.5.0):
    - Realm/Headers (= 3.5.0)
  - Realm/Headers (3.5.0)
  - RealmSwift (3.5.0):
    - Realm (= 3.5.0)
  - RxSwift (4.1.2)
  - Unbox (3.0.0)

DEPENDENCIES:
  - Alamofire (~> 4.7)
  - RealmSwift
  - RxSwift (~> 4.1)
  - Unbox (~> 3.0)

SPEC REPOS:
  https://github.com/cocoapods/specs.git:
    - Alamofire
    - Realm
    - RealmSwift
    - RxSwift
    - Unbox

SPEC CHECKSUMS:
  Alamofire: e4fa87002c137ba2d8d634d2c51fabcda0d5c223
  Realm: 0378021c424e4e2bd6a0e63b27881e929d9b9ad1
  RealmSwift: 3322562622fda2ad596985ead4d8d8be30cf838c
  RxSwift: e49536837d9901277638493ea537394d4b55f570
  Unbox: 9ed33b2a31f7a8a049f54b94d40c4a52a28c4d9d

PODFILE CHECKSUM: ab5998826797d9493ce8d4d28aa0351af5555c79

COCOAPODS: 1.5.3
